
Microsoft Visual Studio Solution File, Format Version 12.00
# Visual Studio 15
VisualStudioVersion = 15.0.28010.0
MinimumVisualStudioVersion = 10.0.40219.1
Project("{FAE04EC0-301F-11D3-BF4B-00C04F79EFBC}") = "SumaNugetText", "SumaNugetText\SumaNugetText.csproj", "{EA2F6D81-32DA-4328-BF61-B5CE67E05E26}"
EndProject
Global
	GlobalSection(SolutionConfigurationPlatforms) = preSolution
		Debug|Any CPU = Debug|Any CPU
		Release|Any CPU = Release|Any CPU
	EndGlobalSection
	GlobalSection(ProjectConfigurationPlatforms) = postSolution
		{EA2F6D81-32DA-4328-BF61-B5CE67E05E26}.Debug|Any CPU.ActiveCfg = Debug|Any CPU
		{EA2F6D81-32DA-4328-BF61-B5CE67E05E26}.Debug|Any CPU.Build.0 = Debug|Any CPU
		{EA2F6D81-32DA-4328-BF61-B5CE67E05E26}.Release|Any CPU.ActiveCfg = Release|Any CPU
		{EA2F6D81-32DA-4328-BF61-B5CE67E05E26}.Release|Any CPU.Build.0 = Release|Any CPU
	EndGlobalSection
	GlobalSection(SolutionProperties) = preSolution
		HideSolutionNode = FALSE
	EndGlobalSection
	GlobalSection(ExtensibilityGlobals) = postSolution
		SolutionGuid = {82E5DBE5-6251-4B16-876D-ADB852E0AB88}
	EndGlobalSection
EndGlobal
